
Microsoft Visual Studio Solution File, Format Version 12.00
# Visual Studio Version 16
VisualStudioVersion = 16.0.29123.88
MinimumVisualStudioVersion = 10.0.40219.1
Project("{FAE04EC0-301F-11D3-BF4B-00C04F79EFBC}") = "PrimitivasGráficas", "PrimitivasGráficas.csproj", "{6BD9DBC2-137C-4909-B856-DBB4A3263045}"
EndProject
Global
	GlobalSection(SolutionConfigurationPlatforms) = preSolution
		Debug|Any CPU = Debug|Any CPU
		Release|Any CPU = Release|Any CPU
	EndGlobalSection
	GlobalSection(ProjectConfigurationPlatforms) = postSolution
		{6BD9DBC2-137C-4909-B856-DBB4A3263045}.Debug|Any CPU.ActiveCfg = Debug|Any CPU
		{6BD9DBC2-137C-4909-B856-DBB4A3263045}.Debug|Any CPU.Build.0 = Debug|Any CPU
		{6BD9DBC2-137C-4909-B856-DBB4A3263045}.Release|Any CPU.ActiveCfg = Release|Any CPU
		{6BD9DBC2-137C-4909-B856-DBB4A3263045}.Release|Any CPU.Build.0 = Release|Any CPU
	EndGlobalSection
	GlobalSection(SolutionProperties) = preSolution
		HideSolutionNode = FALSE
	EndGlobalSection
	GlobalSection(ExtensibilityGlobals) = postSolution
		SolutionGuid = {AB3B5102-7A8F-4803-BC16-90019964EE7F}
	EndGlobalSection
EndGlobal
